
Microsoft Visual Studio Solution File, Format Version 12.00
# Visual Studio Version 17
VisualStudioVersion = 17.13.35931.197 d17.13
MinimumVisualStudioVersion = 10.0.40219.1
Project("{FAE04EC0-301F-11D3-BF4B-00C04F79EFBC}") = "E-commerceMVC", "E-commerceMVC\E-commerceMVC.csproj", "{8D3271CC-2D54-4EE5-82F5-2A482A0B81EB}"
EndProject
Global
	GlobalSection(SolutionConfigurationPlatforms) = preSolution
		Debug|Any CPU = Debug|Any CPU
		Release|Any CPU = Release|Any CPU
	EndGlobalSection
	GlobalSection(ProjectConfigurationPlatforms) = postSolution
		{8D3271CC-2D54-4EE5-82F5-2A482A0B81EB}.Debug|Any CPU.ActiveCfg = Debug|Any CPU
		{8D3271CC-2D54-4EE5-82F5-2A482A0B81EB}.Debug|Any CPU.Build.0 = Debug|Any CPU
		{8D3271CC-2D54-4EE5-82F5-2A482A0B81EB}.Release|Any CPU.ActiveCfg = Release|Any CPU
		{8D3271CC-2D54-4EE5-82F5-2A482A0B81EB}.Release|Any CPU.Build.0 = Release|Any CPU
	EndGlobalSection
	GlobalSection(SolutionProperties) = preSolution
		HideSolutionNode = FALSE
	EndGlobalSection
	GlobalSection(ExtensibilityGlobals) = postSolution
		SolutionGuid = {D0D2BBFC-4909-4768-9917-B8A786DAF57A}
	EndGlobalSection
EndGlobal
